
Microsoft Visual Studio Solution File, Format Version 12.00
# Visual Studio Version 16
VisualStudioVersion = 16.0.28729.103
MinimumVisualStudioVersion = 10.0.40219.1
Project("{FAE04EC0-301F-11D3-BF4B-00C04F79EFBC}") = "FamilyJobsBoard.Api", "FamilyJobsBoard.Api\FamilyJobsBoard.Api.csproj", "{1E6A3C9C-FC89-412A-8E50-3055839B1E2A}"
EndProject
Project("{FAE04EC0-301F-11D3-BF4B-00C04F79EFBC}") = "FamilyJobsBoard.Application", "FamilyJobsBoard.Application\FamilyJobsBoard.Application.csproj", "{5F7AFC1F-2B7D-41C0-8C33-4BF05E91F1C7}"
EndProject
Project("{FAE04EC0-301F-11D3-BF4B-00C04F79EFBC}") = "FamilyJobsBoard.Domain", "FamilyJobsBoard.Domain\FamilyJobsBoard.Domain.csproj", "{6A9A2E8D-8C89-4E03-85C3-21D8A2F6B2C4}"
EndProject
Project("{FAE04EC0-301F-11D3-BF4B-00C04F79EFBC}") = "FamilyJobsBoard.Infrastructure", "FamilyJobsBoard.Infrastructure\FamilyJobsBoard.Infrastructure.csproj", "{6B5A2E8D-8C89-4E03-85C3-21D8A2F6B2C4}"
EndProject
Project("{FAE04EC0-301F-11D3-BF4B-00C04F79EFBC}") = "FamilyJobsBoard.Migrations", "FamilyJobsBoard.Migrations\FamilyJobsBoard.Migrations.csproj", "{07962E4D-1893-47F2-AF7C-62A9973BD00D}"
EndProject
Project("{FAE04EC0-301F-11D3-BF4B-00C04F79EFBC}") = "FamilyJobsBoard.Api.IntegrationTests", "FamilyJobsBoard.Api.IntegrationTests\FamilyJobsBoard.Api.IntegrationTests.csproj", "{43D675D8-498E-43F9-8FF2-547BD8B6384E}"
EndProject
Project("{FAE04EC0-301F-11D3-BF4B-00C04F79EFBC}") = "FamilyJobsBoard.Domain.Tests", "FamilyJobsBoard.Domain.Tests\FamilyJobsBoard.Domain.Tests.csproj", "{9637567B-4BF4-43B3-A3A0-A455610950E5}"
EndProject
Global
	GlobalSection(SolutionConfigurationPlatforms) = preSolution
		Debug|Any CPU = Debug|Any CPU
		Debug|x64 = Debug|x64
		Debug|x86 = Debug|x86
		Release|Any CPU = Release|Any CPU
		Release|x64 = Release|x64
		Release|x86 = Release|x86
	EndGlobalSection
	GlobalSection(ProjectConfigurationPlatforms) = postSolution
		{1E6A3C9C-FC89-412A-8E50-3055839B1E2A}.Debug|Any CPU.ActiveCfg = Debug|Any CPU
		{1E6A3C9C-FC89-412A-8E50-3055839B1E2A}.Debug|Any CPU.Build.0 = Debug|Any CPU
		{1E6A3C9C-FC89-412A-8E50-3055839B1E2A}.Debug|x64.ActiveCfg = Debug|Any CPU
		{1E6A3C9C-FC89-412A-8E50-3055839B1E2A}.Debug|x64.Build.0 = Debug|Any CPU
		{1E6A3C9C-FC89-412A-8E50-3055839B1E2A}.Debug|x86.ActiveCfg = Debug|Any CPU
		{1E6A3C9C-FC89-412A-8E50-3055839B1E2A}.Debug|x86.Build.0 = Debug|Any CPU
		{1E6A3C9C-FC89-412A-8E50-3055839B1E2A}.Release|Any CPU.ActiveCfg = Release|Any CPU
		{1E6A3C9C-FC89-412A-8E50-3055839B1E2A}.Release|Any CPU.Build.0 = Release|Any CPU
		{1E6A3C9C-FC89-412A-8E50-3055839B1E2A}.Release|x64.ActiveCfg = Release|Any CPU
		{1E6A3C9C-FC89-412A-8E50-3055839B1E2A}.Release|x64.Build.0 = Release|Any CPU
		{1E6A3C9C-FC89-412A-8E50-3055839B1E2A}.Release|x86.ActiveCfg = Release|Any CPU
		{1E6A3C9C-FC89-412A-8E50-3055839B1E2A}.Release|x86.Build.0 = Release|Any CPU
		{5F7AFC1F-2B7D-41C0-8C33-4BF05E91F1C7}.Debug|Any CPU.ActiveCfg = Debug|Any CPU
		{5F7AFC1F-2B7D-41C0-8C33-4BF05E91F1C7}.Debug|Any CPU.Build.0 = Debug|Any CPU
		{5F7AFC1F-2B7D-41C0-8C33-4BF05E91F1C7}.Debug|x64.ActiveCfg = Debug|Any CPU
		{5F7AFC1F-2B7D-41C0-8C33-4BF05E91F1C7}.Debug|x64.Build.0 = Debug|Any CPU
		{5F7AFC1F-2B7D-41C0-8C33-4BF05E91F1C7}.Debug|x86.ActiveCfg = Debug|Any CPU
		{5F7AFC1F-2B7D-41C0-8C33-4BF05E91F1C7}.Debug|x86.Build.0 = Debug|Any CPU
		{5F7AFC1F-2B7D-41C0-8C33-4BF05E91F1C7}.Release|Any CPU.ActiveCfg = Release|Any CPU
		{5F7AFC1F-2B7D-41C0-8C33-4BF05E91F1C7}.Release|Any CPU.Build.0 = Release|Any CPU
		{5F7AFC1F-2B7D-41C0-8C33-4BF05E91F1C7}.Release|x64.ActiveCfg = Release|Any CPU
		{5F7AFC1F-2B7D-41C0-8C33-4BF05E91F1C7}.Release|x64.Build.0 = Release|Any CPU
		{5F7AFC1F-2B7D-41C0-8C33-4BF05E91F1C7}.Release|x86.ActiveCfg = Release|Any CPU
		{5F7AFC1F-2B7D-41C0-8C33-4BF05E91F1C7}.Release|x86.Build.0 = Release|Any CPU
		{6A9A2E8D-8C89-4E03-85C3-21D8A2F6B2C4}.Debug|Any CPU.ActiveCfg = Debug|Any CPU
		{6A9A2E8D-8C89-4E03-85C3-21D8A2F6B2C4}.Debug|Any CPU.Build.0 = Debug|Any CPU
		{6A9A2E8D-8C89-4E03-85C3-21D8A2F6B2C4}.Debug|x64.ActiveCfg = Debug|Any CPU
		{6A9A2E8D-8C89-4E03-85C3-21D8A2F6B2C4}.Debug|x64.Build.0 = Debug|Any CPU
		{6A9A2E8D-8C89-4E03-85C3-21D8A2F6B2C4}.Debug|x86.ActiveCfg = Debug|Any CPU
		{6A9A2E8D-8C89-4E03-85C3-21D8A2F6B2C4}.Debug|x86.Build.0 = Debug|Any CPU
		{6A9A2E8D-8C89-4E03-85C3-21D8A2F6B2C4}.Release|Any CPU.ActiveCfg = Release|Any CPU
		{6A9A2E8D-8C89-4E03-85C3-21D8A2F6B2C4}.Release|Any CPU.Build.0 = Release|Any CPU
		{6A9A2E8D-8C89-4E03-85C3-21D8A2F6B2C4}.Release|x64.ActiveCfg = Release|Any CPU
		{6A9A2E8D-8C89-4E03-85C3-21D8A2F6B2C4}.Release|x64.Build.0 = Release|Any CPU
		{6A9A2E8D-8C89-4E03-85C3-21D8A2F6B2C4}.Release|x86.ActiveCfg = Release|Any CPU
		{6A9A2E8D-8C89-4E03-85C3-21D8A2F6B2C4}.Release|x86.Build.0 = Release|Any CPU
		{6B5A2E8D-8C89-4E03-85C3-21D8A2F6B2C4}.Debug|Any CPU.ActiveCfg = Debug|Any CPU
		{6B5A2E8D-8C89-4E03-85C3-21D8A2F6B2C4}.Debug|Any CPU.Build.0 = Debug|Any CPU
		{6B5A2E8D-8C89-4E03-85C3-21D8A2F6B2C4}.Debug|x64.ActiveCfg = Debug|Any CPU
		{6B5A2E8D-8C89-4E03-85C3-21D8A2F6B2C4}.Debug|x64.Build.0 = Debug|Any CPU
		{6B5A2E8D-8C89-4E03-85C3-21D8A2F6B2C4}.Debug|x86.ActiveCfg = Debug|Any CPU
		{6B5A2E8D-8C89-4E03-85C3-21D8A2F6B2C4}.Debug|x86.Build.0 = Debug|Any CPU
		{6B5A2E8D-8C89-4E03-85C3-21D8A2F6B2C4}.Release|Any CPU.ActiveCfg = Release|Any CPU
		{6B5A2E8D-8C89-4E03-85C3-21D8A2F6B2C4}.Release|Any CPU.Build.0 = Release|Any CPU
		{6B5A2E8D-8C89-4E03-85C3-21D8A2F6B2C4}.Release|x64.ActiveCfg = Release|Any CPU
		{6B5A2E8D-8C89-4E03-85C3-21D8A2F6B2C4}.Release|x64.Build.0 = Release|Any CPU
		{6B5A2E8D-8C89-4E03-85C3-21D8A2F6B2C4}.Release|x86.ActiveCfg = Release|Any CPU
		{6B5A2E8D-8C89-4E03-85C3-21D8A2F6B2C4}.Release|x86.Build.0 = Release|Any CPU
		{07962E4D-1893-47F2-AF7C-62A9973BD00D}.Debug|Any CPU.ActiveCfg = Debug|Any CPU
		{07962E4D-1893-47F2-AF7C-62A9973BD00D}.Debug|Any CPU.Build.0 = Debug|Any CPU
		{07962E4D-1893-47F2-AF7C-62A9973BD00D}.Debug|x64.ActiveCfg = Debug|Any CPU
		{07962E4D-1893-47F2-AF7C-62A9973BD00D}.Debug|x64.Build.0 = Debug|Any CPU
		{07962E4D-1893-47F2-AF7C-62A9973BD00D}.Debug|x86.ActiveCfg = Debug|Any CPU
		{07962E4D-1893-47F2-AF7C-62A9973BD00D}.Debug|x86.Build.0 = Debug|Any CPU
		{07962E4D-1893-47F2-AF7C-62A9973BD00D}.Release|Any CPU.ActiveCfg = Release|Any CPU
		{07962E4D-1893-47F2-AF7C-62A9973BD00D}.Release|Any CPU.Build.0 = Release|Any CPU
		{07962E4D-1893-47F2-AF7C-62A9973BD00D}.Release|x64.ActiveCfg = Release|Any CPU
		{07962E4D-1893-47F2-AF7C-62A9973BD00D}.Release|x64.Build.0 = Release|Any CPU
		{07962E4D-1893-47F2-AF7C-62A9973BD00D}.Release|x86.ActiveCfg = Release|Any CPU
		{07962E4D-1893-47F2-AF7C-62A9973BD00D}.Release|x86.Build.0 = Release|Any CPU
		{43D675D8-498E-43F9-8FF2-547BD8B6384E}.Debug|Any CPU.ActiveCfg = Debug|Any CPU
		{43D675D8-498E-43F9-8FF2-547BD8B6384E}.Debug|Any CPU.Build.0 = Debug|Any CPU
		{43D675D8-498E-43F9-8FF2-547BD8B6384E}.Debug|x64.ActiveCfg = Debug|Any CPU
		{43D675D8-498E-43F9-8FF2-547BD8B6384E}.Debug|x64.Build.0 = Debug|Any CPU
		{43D675D8-498E-43F9-8FF2-547BD8B6384E}.Debug|x86.ActiveCfg = Debug|Any CPU
		{43D675D8-498E-43F9-8FF2-547BD8B6384E}.Debug|x86.Build.0 = Debug|Any CPU
		{43D675D8-498E-43F9-8FF2-547BD8B6384E}.Release|Any CPU.ActiveCfg = Release|Any CPU
		{43D675D8-498E-43F9-8FF2-547BD8B6384E}.Release|Any CPU.Build.0 = Release|Any CPU
		{43D675D8-498E-43F9-8FF2-547BD8B6384E}.Release|x64.ActiveCfg = Release|Any CPU
		{43D675D8-498E-43F9-8FF2-547BD8B6384E}.Release|x64.Build.0 = Release|Any CPU
		{43D675D8-498E-43F9-8FF2-547BD8B6384E}.Release|x86.ActiveCfg = Release|Any CPU
		{43D675D8-498E-43F9-8FF2-547BD8B6384E}.Release|x86.Build.0 = Release|Any CPU
		{9637567B-4BF4-43B3-A3A0-A455610950E5}.Debug|Any CPU.ActiveCfg = Debug|Any CPU
		{9637567B-4BF4-43B3-A3A0-A455610950E5}.Debug|Any CPU.Build.0 = Debug|Any CPU
		{9637567B-4BF4-43B3-A3A0-A455610950E5}.Debug|x64.ActiveCfg = Debug|Any CPU
		{9637567B-4BF4-43B3-A3A0-A455610950E5}.Debug|x64.Build.0 = Debug|Any CPU
		{9637567B-4BF4-43B3-A3A0-A455610950E5}.Debug|x86.ActiveCfg = Debug|Any CPU
		{9637567B-4BF4-43B3-A3A0-A455610950E5}.Debug|x86.Build.0 = Debug|Any CPU
		{9637567B-4BF4-43B3-A3A0-A455610950E5}.Release|Any CPU.ActiveCfg = Release|Any CPU
		{9637567B-4BF4-43B3-A3A0-A455610950E5}.Release|Any CPU.Build.0 = Release|Any CPU
		{9637567B-4BF4-43B3-A3A0-A455610950E5}.Release|x64.ActiveCfg = Release|Any CPU
		{9637567B-4BF4-43B3-A3A0-A455610950E5}.Release|x64.Build.0 = Release|Any CPU
		{9637567B-4BF4-43B3-A3A0-A455610950E5}.Release|x86.ActiveCfg = Release|Any CPU
		{9637567B-4BF4-43B3-A3A0-A455610950E5}.Release|x86.Build.0 = Release|Any CPU
	EndGlobalSection
	GlobalSection(SolutionProperties) = preSolution
		HideSolutionNode = FALSE
	EndGlobalSection
EndGlobal
